
Microsoft Visual Studio Solution File, Format Version 12.00
# Visual Studio Version 17
VisualStudioVersion = 17.7.34221.43
MinimumVisualStudioVersion = 10.0.40219.1
Project("{9A19103F-16F7-4668-BE54-9A1E7A4F7556}") = "Matrix1", "Matrix1.csproj", "{D5672A70-30E5-4854-8B29-BBF5D940F27D}"
EndProject
Global
	GlobalSection(SolutionConfigurationPlatforms) = preSolution
		Debug|Any CPU = Debug|Any CPU
		Release|Any CPU = Release|Any CPU
	EndGlobalSection
	GlobalSection(ProjectConfigurationPlatforms) = postSolution
		{D5672A70-30E5-4854-8B29-BBF5D940F27D}.Debug|Any CPU.ActiveCfg = Debug|Any CPU
		{D5672A70-30E5-4854-8B29-BBF5D940F27D}.Debug|Any CPU.Build.0 = Debug|Any CPU
		{D5672A70-30E5-4854-8B29-BBF5D940F27D}.Release|Any CPU.ActiveCfg = Release|Any CPU
		{D5672A70-30E5-4854-8B29-BBF5D940F27D}.Release|Any CPU.Build.0 = Release|Any CPU
	EndGlobalSection
	GlobalSection(SolutionProperties) = preSolution
		HideSolutionNode = FALSE
	EndGlobalSection
	GlobalSection(ExtensibilityGlobals) = postSolution
		SolutionGuid = {8ADCA66E-8168-44E7-A22B-4A314326A094}
	EndGlobalSection
EndGlobal
